# DO NOT EDIT MANUALLY - Managed by Fern Replay
version: "1.0"
generations:
  - commit_sha: 1e6e7e02a6c6be33f48b6569f6ca20dc332a6c1c
    tree_hash: 5fb8f4ca091f71069b3a2604ea9f5211f2e417e5
    timestamp: 2026-10-09T19:03:51.331Z
    cli_version: unknown
    generator_versions: {}
  - commit_sha: ce8ab611c60b12f4c282e777b8e663a997984c44
    tree_hash: f4c466d0e400a8673b26a9461ee58c32c32d4f23
    timestamp: 2026-10-09T19:03:51.959Z
    cli_version: unknown
    generator_versions:
      fernapi/fern-python-sdk: 4.63.4
current_generation: ce8ab611c60b12f4c282e777b8e663a997984c44
patches: []
