# DO NOT EDIT MANUALLY - Managed by Fern Replay
version: "1.0"
generations:
  - commit_sha: 1e6e7e02a6c6be33f48b6569f6ca20dc332a6c1c
    tree_hash: 5fb8f4ca091f71069b3a2604ea9f5211f2e417e5
    timestamp: 2026-05-26T19:30:10.155Z
    cli_version: unknown
    generator_versions: {}
current_generation: 1e6e7e02a6c6be33f48b6569f6ca20dc332a6c1c
patches: []
